// !$*UTF8*$!
{
	archiveVersion = 1;
	classes = {
	};
	objectVersion = 55;
	objects = {

/* Begin PBXBuildFile section */
		2643D805280DA02100BCB7A2 /* AppDelegate.swift in Sources */ = {isa = PBXBuildFile; fileRef = 2643D804280DA02100BCB7A2 /* AppDelegate.swift */; };
		2643D807280DA02100BCB7A2 /* SceneDelegate.swift in Sources */ = {isa = PBXBuildFile; fileRef = 2643D806280DA02100BCB7A2 /* SceneDelegate.swift */; };
		2643D80C280DA02100BCB7A2 /* Main.storyboard in Resources */ = {isa = PBXBuildFile; fileRef = 2643D80A280DA02100BCB7A2 /* Main.storyboard */; };
		2643D811280DA02400BCB7A2 /* Assets.xcassets in Resources */ = {isa = PBXBuildFile; fileRef = 2643D810280DA02400BCB7A2 /* Assets.xcassets */; };
		2643D814280DA02400BCB7A2 /* LaunchScreen.storyboard in Resources */ = {isa = PBXBuildFile; fileRef = 2643D812280DA02400BCB7A2 /* LaunchScreen.storyboard */; };
		2643D81F280DB0B000BCB7A2 /* MemoListTableViewController.swift in Sources */ = {isa = PBXBuildFile; fileRef = 2643D81E280DB0B000BCB7A2 /* MemoListTableViewController.swift */; };
		2643D821280DB75400BCB7A2 /* ComposeViewController.swift in Sources */ = {isa = PBXBuildFile; fileRef = 2643D820280DB75400BCB7A2 /* ComposeViewController.swift */; };
		26E13ECD280E1FF00096AFE5 /* DetailViewController.swift in Sources */ = {isa = PBXBuildFile; fileRef = 26E13ECC280E1FF00096AFE5 /* DetailViewController.swift */; };
		26E13ECF280ECB3F0096AFE5 /* UIViewController+Alert.swift in Sources */ = {isa = PBXBuildFile; fileRef = 26E13ECE280ECB3F0096AFE5 /* UIViewController+Alert.swift */; };
		26E13ED2280F19E80096AFE5 /* MemoApp.xcdatamodeld in Sources */ = {isa = PBXBuildFile; fileRef = 26E13ED0280F19E80096AFE5 /* MemoApp.xcdatamodeld */; };
		26E13ED5280F1D340096AFE5 /* DataManager.swift in Sources */ = {isa = PBXBuildFile; fileRef = 26E13ED4280F1D340096AFE5 /* DataManager.swift */; };
/* End PBXBuildFile section */

/* Begin PBXFileReference section */
		2643D801280DA02100BCB7A2 /* memoApp.app */ = {isa = PBXFileReference; explicitFileType = wrapper.application; includeInIndex = 0; path = memoApp.app; sourceTree = BUILT_PRODUCTS_DIR; };
		2643D804280DA02100BCB7A2 /* AppDelegate.swift */ = {isa = PBXFileReference; lastKnownFileType = sourcecode.swift; path = AppDelegate.swift; sourceTree = "<group>"; };
		2643D806280DA02100BCB7A2 /* SceneDelegate.swift */ = {isa = PBXFileReference; lastKnownFileType = sourcecode.swift; path = SceneDelegate.swift; sourceTree = "<group>"; };
		2643D80B280DA02100BCB7A2 /* Base */ = {isa = PBXFileReference; lastKnownFileType = file.storyboard; name = Base; path = Base.lproj/Main.storyboard; sourceTree = "<group>"; };
		2643D810280DA02400BCB7A2 /* Assets.xcassets */ = {isa = PBXFileReference; lastKnownFileType = folder.assetcatalog; path = Assets.xcassets; sourceTree = "<group>"; };
		2643D813280DA02400BCB7A2 /* Base */ = {isa = PBXFileReference; lastKnownFileType = file.storyboard; name = Base; path = Base.lproj/LaunchScreen.storyboard; sourceTree = "<group>"; };
		2643D815280DA02400BCB7A2 /* Info.plist */ = {isa = PBXFileReference; lastKnownFileType = text.plist.xml; path = Info.plist; sourceTree = "<group>"; };
		2643D81E280DB0B000BCB7A2 /* MemoListTableViewController.swift */ = {isa = PBXFileReference; lastKnownFileType = sourcecode.swift; path = MemoListTableViewController.swift; sourceTree = "<group>"; };
		2643D820280DB75400BCB7A2 /* ComposeViewController.swift */ = {isa = PBXFileReference; lastKnownFileType = sourcecode.swift; path = ComposeViewController.swift; sourceTree = "<group>"; };
		26E13ECC280E1FF00096AFE5 /* DetailViewController.swift */ = {isa = PBXFileReference; lastKnownFileType = sourcecode.swift; path = DetailViewController.swift; sourceTree = "<group>"; };
		26E13ECE280ECB3F0096AFE5 /* UIViewController+Alert.swift */ = {isa = PBXFileReference; lastKnownFileType = sourcecode.swift; path = "UIViewController+Alert.swift"; sourceTree = "<group>"; };
		26E13ED1280F19E80096AFE5 /* memoApp.xcdatamodel */ = {isa = PBXFileReference; lastKnownFileType = wrapper.xcdatamodel; path = memoApp.xcdatamodel; sourceTree = "<group>"; };
		26E13ED4280F1D340096AFE5 /* DataManager.swift */ = {isa = PBXFileReference; lastKnownFileType = sourcecode.swift; path = DataManager.swift; sourceTree = "<group>"; };
/* End PBXFileReference section */

/* Begin PBXFrameworksBuildPhase section */
		2643D7FE280DA02100BCB7A2 /* Frameworks */ = {
			isa = PBXFrameworksBuildPhase;
			buildActionMask = 2147483647;
			files = (
			);
			runOnlyForDeploymentPostprocessing = 0;
		};
/* End PBXFrameworksBuildPhase section */

/* Begin PBXGroup section */
		2643D7F8280DA02100BCB7A2 = {
			isa = PBXGroup;
			children = (
				2643D803280DA02100BCB7A2 /* memoApp */,
				2643D802280DA02100BCB7A2 /* Products */,
			);
			sourceTree = "<group>";
		};
		2643D802280DA02100BCB7A2 /* Products */ = {
			isa = PBXGroup;
			children = (
				2643D801280DA02100BCB7A2 /* memoApp.app */,
			);
			name = Products;
			sourceTree = "<group>";
		};
		2643D803280DA02100BCB7A2 /* memoApp */ = {
			isa = PBXGroup;
			children = (
				26E13ED3280F1D150096AFE5 /* Data */,
				2643D804280DA02100BCB7A2 /* AppDelegate.swift */,
				2643D806280DA02100BCB7A2 /* SceneDelegate.swift */,
				2643D80A280DA02100BCB7A2 /* Main.storyboard */,
				2643D812280DA02400BCB7A2 /* LaunchScreen.storyboard */,
				2643D810280DA02400BCB7A2 /* Assets.xcassets */,
				2643D815280DA02400BCB7A2 /* Info.plist */,
				2643D81E280DB0B000BCB7A2 /* MemoListTableViewController.swift */,
				2643D820280DB75400BCB7A2 /* ComposeViewController.swift */,
				26E13ECE280ECB3F0096AFE5 /* UIViewController+Alert.swift */,
				26E13ECC280E1FF00096AFE5 /* DetailViewController.swift */,
				26E13ED0280F19E80096AFE5 /* MemoApp.xcdatamodeld */,
			);
			path = memoApp;
			sourceTree = "<group>";
		};
		26E13ED3280F1D150096AFE5 /* Data */ = {
			isa = PBXGroup;
			children = (
				26E13ED4280F1D340096AFE5 /* DataManager.swift */,
			);
			path = Data;
			sourceTree = "<group>";
		};
/* End PBXGroup section */

/* Begin PBXNativeTarget section */
		2643D800280DA02100BCB7A2 /* memoApp */ = {
			isa = PBXNativeTarget;
			buildConfigurationList = 2643D818280DA02400BCB7A2 /* Build configuration list for PBXNativeTarget "memoApp" */;
			buildPhases = (
				2643D7FD280DA02100BCB7A2 /* Sources */,
				2643D7FE280DA02100BCB7A2 /* Frameworks */,
				2643D7FF280DA02100BCB7A2 /* Resources */,
			);
			buildRules = (
			);
			dependencies = (
			);
			name = memoApp;
			productName = memoApp;
			productReference = 2643D801280DA02100BCB7A2 /* memoApp.app */;
			productType = "com.apple.product-type.application";
		};
/* End PBXNativeTarget section */

/* Begin PBXProject section */
		2643D7F9280DA02100BCB7A2 /* Project object */ = {
			isa = PBXProject;
			attributes = {
				BuildIndependentTargetsInParallel = 1;
				LastSwiftUpdateCheck = 1320;
				LastUpgradeCheck = 1320;
				TargetAttributes = {
					2643D800280DA02100BCB7A2 = {
						CreatedOnToolsVersion = 13.2.1;
					};
				};
			};
			buildConfigurationList = 2643D7FC280DA02100BCB7A2 /* Build configuration list for PBXProject "memoApp" */;
			compatibilityVersion = "Xcode 13.0";
			developmentRegion = en;
			hasScannedForEncodings = 0;
			knownRegions = (
				en,
				Base,
			);
			mainGroup = 2643D7F8280DA02100BCB7A2;
			productRefGroup = 2643D802280DA02100BCB7A2 /* Products */;
			projectDirPath = "";
			projectRoot = "";
			targets = (
				2643D800280DA02100BCB7A2 /* memoApp */,
			);
		};
/* End PBXProject section */

/* Begin PBXResourcesBuildPhase section */
		2643D7FF280DA02100BCB7A2 /* Resources */ = {
			isa = PBXResourcesBuildPhase;
			buildActionMask = 2147483647;
			files = (
				2643D814280DA02400BCB7A2 /* LaunchScreen.storyboard in Resources */,
				2643D811280DA02400BCB7A2 /* Assets.xcassets in Resources */,
				2643D80C280DA02100BCB7A2 /* Main.storyboard in Resources */,
			);
			runOnlyForDeploymentPostprocessing = 0;
		};
/* End PBXResourcesBuildPhase section */

/* Begin PBXSourcesBuildPhase section */
		2643D7FD280DA02100BCB7A2 /* Sources */ = {
			isa = PBXSourcesBuildPhase;
			buildActionMask = 2147483647;
			files = (
				2643D821280DB75400BCB7A2 /* ComposeViewController.swift in Sources */,
				2643D805280DA02100BCB7A2 /* AppDelegate.swift in Sources */,
				2643D807280DA02100BCB7A2 /* SceneDelegate.swift in Sources */,
				26E13ED2280F19E80096AFE5 /* MemoApp.xcdatamodeld in Sources */,
				26E13ECD280E1FF00096AFE5 /* DetailViewController.swift in Sources */,
				2643D81F280DB0B000BCB7A2 /* MemoListTableViewController.swift in Sources */,
				26E13ED5280F1D340096AFE5 /* DataManager.swift in Sources */,
				26E13ECF280ECB3F0096AFE5 /* UIViewController+Alert.swift in Sources */,
			);
			runOnlyForDeploymentPostprocessing = 0;
		};
/* End PBXSourcesBuildPhase section */

/* Begin PBXVariantGroup section */
		2643D80A280DA02100BCB7A2 /* Main.storyboard */ = {
			isa = PBXVariantGroup;
			children = (
				2643D80B280DA02100BCB7A2 /* Base */,
			);
			name = Main.storyboard;
			sourceTree = "<group>";
		};
		2643D812280DA02400BCB7A2 /* LaunchScreen.storyboard */ = {
			isa = PBXVariantGroup;
			children = (
				2643D813280DA02400BCB7A2 /* Base */,
			);
			name = LaunchScreen.storyboard;
			sourceTree = "<group>";
		};
/* End PBXVariantGroup section */

/* Begin XCBuildConfiguration section */
		2643D816280DA02400BCB7A2 /* Debug */ = {
			isa = XCBuildConfiguration;
			buildSettings = {
				ALWAYS_SEARCH_USER_PATHS = NO;
				CLANG_ANALYZER_NONNULL = YES;
				CLANG_ANALYZER_NUMBER_OBJECT_CONVERSION = YES_AGGRESSIVE;
				CLANG_CXX_LANGUAGE_STANDARD = "gnu++17";
				CLANG_CXX_LIBRARY = "libc++";
				CLANG_ENABLE_MODULES = YES;
				CLANG_ENABLE_OBJC_ARC = YES;
				CLANG_ENABLE_OBJC_WEAK = YES;
				CLANG_WARN_BLOCK_CAPTURE_AUTORELEASING = YES;
				CLANG_WARN_BOOL_CONVERSION = YES;
				CLANG_WARN_COMMA = YES;
				CLANG_WARN_CONSTANT_CONVERSION = YES;
				CLANG_WARN_DEPRECATED_OBJC_IMPLEMENTATIONS = YES;
				CLANG_WARN_DIRECT_OBJC_ISA_USAGE = YES_ERROR;
				CLANG_WARN_DOCUMENTATION_COMMENTS = YES;
				CLANG_WARN_EMPTY_BODY = YES;
				CLANG_WARN_ENUM_CONVERSION = YES;
				CLANG_WARN_INFINITE_RECURSION = YES;
				CLANG_WARN_INT_CONVERSION = YES;
				CLANG_WARN_NON_LITERAL_NULL_CONVERSION = YES;
				CLANG_WARN_OBJC_IMPLICIT_RETAIN_SELF = YES;
				CLANG_WARN_OBJC_LITERAL_CONVERSION = YES;
				CLANG_WARN_OBJC_ROOT_CLASS = YES_ERROR;
				CLANG_WARN_QUOTED_INCLUDE_IN_FRAMEWORK_HEADER = YES;
				CLANG_WARN_RANGE_LOOP_ANALYSIS = YES;
				CLANG_WARN_STRICT_PROTOTYPES = YES;
				CLANG_WARN_SUSPICIOUS_MOVE = YES;
				CLANG_WARN_UNGUARDED_AVAILABILITY = YES_AGGRESSIVE;
				CLANG_WARN_UNREACHABLE_CODE = YES;
				CLANG_WARN__DUPLICATE_METHOD_MATCH = YES;
				COPY_PHASE_STRIP = NO;
				DEBUG_INFORMATION_FORMAT = dwarf;
				ENABLE_STRICT_OBJC_MSGSEND = YES;
				ENABLE_TESTABILITY = YES;
				GCC_C_LANGUAGE_STANDARD = gnu11;
				GCC_DYNAMIC_NO_PIC = NO;
				GCC_NO_COMMON_BLOCKS = YES;
				GCC_OPTIMIZATION_LEVEL = 0;
				GCC_PREPROCESSOR_DEFINITIONS = (
					"DEBUG=1",
					"$(inherited)",
				);
				GCC_WARN_64_TO_32_BIT_CONVERSION = YES;
				GCC_WARN_ABOUT_RETURN_TYPE = YES_ERROR;
				GCC_WARN_UNDECLARED_SELECTOR = YES;
				GCC_WARN_UNINITIALIZED_AUTOS = YES_AGGRESSIVE;
				GCC_WARN_UNUSED_FUNCTION = YES;
				GCC_WARN_UNUSED_VARIABLE = YES;
				IPHONEOS_DEPLOYMENT_TARGET = 15.2;
				MTL_ENABLE_DEBUG_INFO = INCLUDE_SOURCE;
				MTL_FAST_MATH = YES;
				ONLY_ACTIVE_ARCH = YES;
				SDKROOT = iphoneos;
				SWIFT_ACTIVE_COMPILATION_CONDITIONS = DEBUG;
				SWIFT_OPTIMIZATION_LEVEL = "-Onone";
			};
			name = Debug;
		};
		2643D817280DA02400BCB7A2 /* Release */ = {
			isa = XCBuildConfiguration;
			buildSettings = {
				ALWAYS_SEARCH_USER_PATHS = NO;
				CLANG_ANALYZER_NONNULL = YES;
				CLANG_ANALYZER_NUMBER_OBJECT_CONVERSION = YES_AGGRESSIVE;
				CLANG_CXX_LANGUAGE_STANDARD = "gnu++17";
				CLANG_CXX_LIBRARY = "libc++";
				CLANG_ENABLE_MODULES = YES;
				CLANG_ENABLE_OBJC_ARC = YES;
				CLANG_ENABLE_OBJC_WEAK = YES;
				CLANG_WARN_BLOCK_CAPTURE_AUTORELEASING = YES;
				CLANG_WARN_BOOL_CONVERSION = YES;
				CLANG_WARN_COMMA = YES;
				CLANG_WARN_CONSTANT_CONVERSION = YES;
				CLANG_WARN_DEPRECATED_OBJC_IMPLEMENTATIONS = YES;
				CLANG_WARN_DIRECT_OBJC_ISA_USAGE = YES_ERROR;
				CLANG_WARN_DOCUMENTATION_COMMENTS = YES;
				CLANG_WARN_EMPTY_BODY = YES;
				CLANG_WARN_ENUM_CONVERSION = YES;
				CLANG_WARN_INFINITE_RECURSION = YES;
				CLANG_WARN_INT_CONVERSION = YES;
				CLANG_WARN_NON_LITERAL_NULL_CONVERSION = YES;
				CLANG_WARN_OBJC_IMPLICIT_RETAIN_SELF = YES;
				CLANG_WARN_OBJC_LITERAL_CONVERSION = YES;
				CLANG_WARN_OBJC_ROOT_CLASS = YES_ERROR;
				CLANG_WARN_QUOTED_INCLUDE_IN_FRAMEWORK_HEADER = YES;
				CLANG_WARN_RANGE_LOOP_ANALYSIS = YES;
				CLANG_WARN_STRICT_PROTOTYPES = YES;
				CLANG_WARN_SUSPICIOUS_MOVE = YES;
				CLANG_WARN_UNGUARDED_AVAILABILITY = YES_AGGRESSIVE;
				CLANG_WARN_UNREACHABLE_CODE = YES;
				CLANG_WARN__DUPLICATE_METHOD_MATCH = YES;
				COPY_PHASE_STRIP = NO;
				DEBUG_INFORMATION_FORMAT = "dwarf-with-dsym";
				ENABLE_NS_ASSERTIONS = NO;
				ENABLE_STRICT_OBJC_MSGSEND = YES;
				GCC_C_LANGUAGE_STANDARD = gnu11;
				GCC_NO_COMMON_BLOCKS = YES;
				GCC_WARN_64_TO_32_BIT_CONVERSION = YES;
				GCC_WARN_ABOUT_RETURN_TYPE = YES_ERROR;
				GCC_WARN_UNDECLARED_SELECTOR = YES;
				GCC_WARN_UNINITIALIZED_AUTOS = YES_AGGRESSIVE;
				GCC_WARN_UNUSED_FUNCTION = YES;
				GCC_WARN_UNUSED_VARIABLE = YES;
				IPHONEOS_DEPLOYMENT_TARGET = 15.2;
				MTL_ENABLE_DEBUG_INFO = NO;
				MTL_FAST_MATH = YES;
				SDKROOT = iphoneos;
				SWIFT_COMPILATION_MODE = wholemodule;
				SWIFT_OPTIMIZATION_LEVEL = "-O";
				VALIDATE_PRODUCT = YES;
			};
			name = Release;
		};
		2643D819280DA02400BCB7A2 /* Debug */ = {
			isa = XCBuildConfiguration;
			buildSettings = {
				ASSETCATALOG_COMPILER_APPICON_NAME = AppIcon;
				ASSETCATALOG_COMPILER_GLOBAL_ACCENT_COLOR_NAME = AccentColor;
				CODE_SIGN_STYLE = Automatic;
				CURRENT_PROJECT_VERSION = 1;
				DEVELOPMENT_TEAM = 9GHM5422CF;
				GENERATE_INFOPLIST_FILE = YES;
				INFOPLIST_FILE = memoApp/Info.plist;
				INFOPLIST_KEY_UIApplicationSupportsIndirectInputEvents = YES;
				INFOPLIST_KEY_UILaunchStoryboardName = LaunchScreen;
				INFOPLIST_KEY_UIMainStoryboardFile = Main;
				INFOPLIST_KEY_UISupportedInterfaceOrientations_iPad = "UIInterfaceOrientationPortrait UIInterfaceOrientationPortraitUpsideDown UIInterfaceOrientationLandscapeLeft UIInterfaceOrientationLandscapeRight";
				INFOPLIST_KEY_UISupportedInterfaceOrientations_iPhone = "UIInterfaceOrientationPortrait UIInterfaceOrientationLandscapeLeft UIInterfaceOrientationLandscapeRight";
				IPHONEOS_DEPLOYMENT_TARGET = 13.2;
				LD_RUNPATH_SEARCH_PATHS = (
					"$(inherited)",
					"@executable_path/Frameworks",
				);
				MARKETING_VERSION = 1.0;
				PRODUCT_BUNDLE_IDENTIFIER = roun.memoApp;
				PRODUCT_NAME = "$(TARGET_NAME)";
				SWIFT_EMIT_LOC_STRINGS = YES;
				SWIFT_VERSION = 5.0;
				TARGETED_DEVICE_FAMILY = "1,2";
			};
			name = Debug;
		};
		2643D81A280DA02400BCB7A2 /* Release */ = {
			isa = XCBuildConfiguration;
			buildSettings = {
				ASSETCATALOG_COMPILER_APPICON_NAME = AppIcon;
				ASSETCATALOG_COMPILER_GLOBAL_ACCENT_COLOR_NAME = AccentColor;
				CODE_SIGN_STYLE = Automatic;
				CURRENT_PROJECT_VERSION = 1;
				DEVELOPMENT_TEAM = 9GHM5422CF;
				GENERATE_INFOPLIST_FILE = YES;
				INFOPLIST_FILE = memoApp/Info.plist;
				INFOPLIST_KEY_UIApplicationSupportsIndirectInputEvents = YES;
				INFOPLIST_KEY_UILaunchStoryboardName = LaunchScreen;
				INFOPLIST_KEY_UIMainStoryboardFile = Main;
				INFOPLIST_KEY_UISupportedInterfaceOrientations_iPad = "UIInterfaceOrientationPortrait UIInterfaceOrientationPortraitUpsideDown UIInterfaceOrientationLandscapeLeft UIInterfaceOrientationLandscapeRight";
				INFOPLIST_KEY_UISupportedInterfaceOrientations_iPhone = "UIInterfaceOrientationPortrait UIInterfaceOrientationLandscapeLeft UIInterfaceOrientationLandscapeRight";
				IPHONEOS_DEPLOYMENT_TARGET = 13.2;
				LD_RUNPATH_SEARCH_PATHS = (
					"$(inherited)",
					"@executable_path/Frameworks",
				);
				MARKETING_VERSION = 1.0;
				PRODUCT_BUNDLE_IDENTIFIER = roun.memoApp;
				PRODUCT_NAME = "$(TARGET_NAME)";
				SWIFT_EMIT_LOC_STRINGS = YES;
				SWIFT_VERSION = 5.0;
				TARGETED_DEVICE_FAMILY = "1,2";
			};
			name = Release;
		};
/* End XCBuildConfiguration section */

/* Begin XCConfigurationList section */
		2643D7FC280DA02100BCB7A2 /* Build configuration list for PBXProject "memoApp" */ = {
			isa = XCConfigurationList;
			buildConfigurations = (
				2643D816280DA02400BCB7A2 /* Debug */,
				2643D817280DA02400BCB7A2 /* Release */,
			);
			defaultConfigurationIsVisible = 0;
			defaultConfigurationName = Release;
		};
		2643D818280DA02400BCB7A2 /* Build configuration list for PBXNativeTarget "memoApp" */ = {
			isa = XCConfigurationList;
			buildConfigurations = (
				2643D819280DA02400BCB7A2 /* Debug */,
				2643D81A280DA02400BCB7A2 /* Release */,
			);
			defaultConfigurationIsVisible = 0;
			defaultConfigurationName = Release;
		};
/* End XCConfigurationList section */

/* Begin XCVersionGroup section */
		26E13ED0280F19E80096AFE5 /* MemoApp.xcdatamodeld */ = {
			isa = XCVersionGroup;
			children = (
				26E13ED1280F19E80096AFE5 /* memoApp.xcdatamodel */,
			);
			currentVersion = 26E13ED1280F19E80096AFE5 /* memoApp.xcdatamodel */;
			path = MemoApp.xcdatamodeld;
			sourceTree = "<group>";
			versionGroupType = wrapper.xcdatamodel;
		};
/* End XCVersionGroup section */
	};
	rootObject = 2643D7F9280DA02100BCB7A2 /* Project object */;
}
